// !$*UTF8*$!
{
	archiveVersion = 1;
	classes = {
	};
	objectVersion = 56;
	objects = {

/* Begin PBXBuildFile section */
		A21676162C5113DF001C904E /* AppError.swift in Sources */ = {isa = PBXBuildFile; fileRef = A21676152C5113DF001C904E /* AppError.swift */; };
		A216761A2C5A46AF001C904E /* TrackCoordinator.swift in Sources */ = {isa = PBXBuildFile; fileRef = A21676192C5A46AF001C904E /* TrackCoordinator.swift */; };
		A216761C2C5A49C6001C904E /* TrackViewController.swift in Sources */ = {isa = PBXBuildFile; fileRef = A216761B2C5A49C6001C904E /* TrackViewController.swift */; };
		A216762C2C5D0E90001C904E /* YouTubeiOSPlayerHelper in Frameworks */ = {isa = PBXBuildFile; productRef = A216762B2C5D0E90001C904E /* YouTubeiOSPlayerHelper */; };
		A216762E2C5D0EA9001C904E /* YouTubeViewController.swift in Sources */ = {isa = PBXBuildFile; fileRef = A216762D2C5D0EA9001C904E /* YouTubeViewController.swift */; };
		A21CA7282C0C7303000144FC /* PhotosTableViewCell.swift in Sources */ = {isa = PBXBuildFile; fileRef = A21CA7272C0C7303000144FC /* PhotosTableViewCell.swift */; };
		A2483F902C77A1F30024F21A /* GoogleService-Info.plist in Resources */ = {isa = PBXBuildFile; fileRef = A2483F8F2C77A1F30024F21A /* GoogleService-Info.plist */; };
		A2483F942C78C2FC0024F21A /* YouTubeCoordinator.swift in Sources */ = {isa = PBXBuildFile; fileRef = A2483F932C78C2FC0024F21A /* YouTubeCoordinator.swift */; };
		A2483F962C7D86ED0024F21A /* DocumentsViewController.swift in Sources */ = {isa = PBXBuildFile; fileRef = A2483F952C7D86ED0024F21A /* DocumentsViewController.swift */; };
		A2483F982C7D872C0024F21A /* DocumentCoordinator.swift in Sources */ = {isa = PBXBuildFile; fileRef = A2483F972C7D872C0024F21A /* DocumentCoordinator.swift */; };
		A2483F9A2C8058F50024F21A /* FileService.swift in Sources */ = {isa = PBXBuildFile; fileRef = A2483F992C8058F50024F21A /* FileService.swift */; };
		A2483F9C2C805BDC0024F21A /* ImageDetailViewController.swift in Sources */ = {isa = PBXBuildFile; fileRef = A2483F9B2C805BDC0024F21A /* ImageDetailViewController.swift */; };
		A249CE3B2C6A3AB500AF2A23 /* InfoCoordinator.swift in Sources */ = {isa = PBXBuildFile; fileRef = A249CE3A2C6A3AB500AF2A23 /* InfoCoordinator.swift */; };
		A249CE3E2C6B82F500AF2A23 /* Planet.swift in Sources */ = {isa = PBXBuildFile; fileRef = A249CE3D2C6B82F500AF2A23 /* Planet.swift */; };
		A263BAF32C0C739F005EDA68 /* PhotosViewController.swift in Sources */ = {isa = PBXBuildFile; fileRef = A263BAF22C0C739F005EDA68 /* PhotosViewController.swift */; };
		A263BAF52C0C73BE005EDA68 /* PhotosCollectionViewCell.swift in Sources */ = {isa = PBXBuildFile; fileRef = A263BAF42C0C73BE005EDA68 /* PhotosCollectionViewCell.swift */; };
		A263BAF92C0DE026005EDA68 /* PhotosTableViewController.swift in Sources */ = {isa = PBXBuildFile; fileRef = A263BAF82C0DE026005EDA68 /* PhotosTableViewController.swift */; };
		A27BA00F2C9591C50024F802 /* FavoritesViewController.swift in Sources */ = {isa = PBXBuildFile; fileRef = A27BA00E2C9591C50024F802 /* FavoritesViewController.swift */; };
		A27BA0122C9591F70024F802 /* Model.xcdatamodeld in Sources */ = {isa = PBXBuildFile; fileRef = A27BA0102C9591F70024F802 /* Model.xcdatamodeld */; };
		A27BA0142C9592B70024F802 /* CoreDataManager.swift in Sources */ = {isa = PBXBuildFile; fileRef = A27BA0132C9592B70024F802 /* CoreDataManager.swift */; };
		A27BA0172C95944B0024F802 /* FavoritePostE+CoreDataClass.swift in Sources */ = {isa = PBXBuildFile; fileRef = A27BA0152C95944B0024F802 /* FavoritePostE+CoreDataClass.swift */; };
		A27BA0182C95944B0024F802 /* FavoritePostE+CoreDataProperties.swift in Sources */ = {isa = PBXBuildFile; fileRef = A27BA0162C95944B0024F802 /* FavoritePostE+CoreDataProperties.swift */; };
		A285EF382C3FC45000910A57 /* FeedViewModel.swift in Sources */ = {isa = PBXBuildFile; fileRef = A285EF372C3FC45000910A57 /* FeedViewModel.swift */; };
		A285EFB42C47E14700910A57 /* SnapKit in Frameworks */ = {isa = PBXBuildFile; productRef = A285EFB32C47E14700910A57 /* SnapKit */; };
		A285EFB92C47E73700910A57 /* Coordinator.swift in Sources */ = {isa = PBXBuildFile; fileRef = A285EFB82C47E73700910A57 /* Coordinator.swift */; };
		A285EFBB2C47E80800910A57 /* AppCoordinator.swift in Sources */ = {isa = PBXBuildFile; fileRef = A285EFBA2C47E80800910A57 /* AppCoordinator.swift */; };
		A285EFBD2C47E9B800910A57 /* ProfileCoordinator.swift in Sources */ = {isa = PBXBuildFile; fileRef = A285EFBC2C47E9B800910A57 /* ProfileCoordinator.swift */; };
		A285EFBF2C47E9D500910A57 /* FeedCoordinator.swift in Sources */ = {isa = PBXBuildFile; fileRef = A285EFBE2C47E9D500910A57 /* FeedCoordinator.swift */; };
		A285EFC12C491F4F00910A57 /* LoginCoordinator.swift in Sources */ = {isa = PBXBuildFile; fileRef = A285EFC02C491F4F00910A57 /* LoginCoordinator.swift */; };
		A285EFC32C49472E00910A57 /* LoginViewControllerDelegate.swift in Sources */ = {isa = PBXBuildFile; fileRef = A285EFC22C49472E00910A57 /* LoginViewControllerDelegate.swift */; };
		A285EFC82C4A8EC600910A57 /* iOSIntPackage in Frameworks */ = {isa = PBXBuildFile; productRef = A285EFC72C4A8EC600910A57 /* iOSIntPackage */; };
		A285EFCA2C4BE14D00910A57 /* PasswordBruteForcer.swift in Sources */ = {isa = PBXBuildFile; fileRef = A285EFC92C4BE14D00910A57 /* PasswordBruteForcer.swift */; };
		A2922B4C2C3023F000B681A8 /* LoginFactory.swift in Sources */ = {isa = PBXBuildFile; fileRef = A2922B4B2C3023F000B681A8 /* LoginFactory.swift */; };
		A2922B4E2C30477600B681A8 /* LoginInspector.swift in Sources */ = {isa = PBXBuildFile; fileRef = A2922B4D2C30477600B681A8 /* LoginInspector.swift */; };
		A29285E52BF9F4C1000F1271 /* PostViewController.swift in Sources */ = {isa = PBXBuildFile; fileRef = A29285E42BF9F4C1000F1271 /* PostViewController.swift */; };
		A29285E72BF9F4E8000F1271 /* ProfileViewController.swift in Sources */ = {isa = PBXBuildFile; fileRef = A29285E62BF9F4E8000F1271 /* ProfileViewController.swift */; };
		A29285E92BF9F51C000F1271 /* FeedViewController.swift in Sources */ = {isa = PBXBuildFile; fileRef = A29285E82BF9F51C000F1271 /* FeedViewController.swift */; };
		A29285EB2BF9F543000F1271 /* InfoViewController.swift in Sources */ = {isa = PBXBuildFile; fileRef = A29285EA2BF9F543000F1271 /* InfoViewController.swift */; };
		A29285EE2BF9F57D000F1271 /* ProfileHeaderView.swift in Sources */ = {isa = PBXBuildFile; fileRef = A29285ED2BF9F57D000F1271 /* ProfileHeaderView.swift */; };
		A29A17DC2C3A8AA700E9B4AA /* CustomButton.swift in Sources */ = {isa = PBXBuildFile; fileRef = A29A17DB2C3A8AA700E9B4AA /* CustomButton.swift */; };
		A2A6BC1E2C3C09E400A91E69 /* FeedModel.swift in Sources */ = {isa = PBXBuildFile; fileRef = A2A6BC1D2C3C09E400A91E69 /* FeedModel.swift */; };
		A2B618062BFA1823004FAFBB /* LogInViewController.swift in Sources */ = {isa = PBXBuildFile; fileRef = A2B618052BFA1823004FAFBB /* LogInViewController.swift */; };
		A2B6180C2BFE5DA3004FAFBB /* ProfileTableHeaderView.swift in Sources */ = {isa = PBXBuildFile; fileRef = A2B6180B2BFE5DA3004FAFBB /* ProfileTableHeaderView.swift */; };
		A2B6180E2BFE623F004FAFBB /* PostTableViewCell.swift in Sources */ = {isa = PBXBuildFile; fileRef = A2B6180D2BFE623F004FAFBB /* PostTableViewCell.swift */; };
		A2CE87A52C6393FD003823EB /* track2.mp3 in Resources */ = {isa = PBXBuildFile; fileRef = A2CE87A02C6393FD003823EB /* track2.mp3 */; };
		A2CE87A62C6393FE003823EB /* track1.mp3 in Resources */ = {isa = PBXBuildFile; fileRef = A2CE87A12C6393FD003823EB /* track1.mp3 */; };
		A2CE87A72C6393FE003823EB /* track3.mp3 in Resources */ = {isa = PBXBuildFile; fileRef = A2CE87A22C6393FD003823EB /* track3.mp3 */; };
		A2CE87A82C6393FE003823EB /* track5.mp3 in Resources */ = {isa = PBXBuildFile; fileRef = A2CE87A32C6393FD003823EB /* track5.mp3 */; };
		A2CE87A92C6393FE003823EB /* track4.mp3 in Resources */ = {isa = PBXBuildFile; fileRef = A2CE87A42C6393FD003823EB /* track4.mp3 */; };
		A2CE87AB2C6398B4003823EB /* NetworkService.swift in Sources */ = {isa = PBXBuildFile; fileRef = A2CE87AA2C6398B4003823EB /* NetworkService.swift */; };
		A2D07D772C9595A5007FDCE1 /* FavoriteCoordinator.swift in Sources */ = {isa = PBXBuildFile; fileRef = A2D07D762C9595A5007FDCE1 /* FavoriteCoordinator.swift */; };
		A2D44FDB2BF9E8BA00BBE32A /* AppDelegate.swift in Sources */ = {isa = PBXBuildFile; fileRef = A2D44FDA2BF9E8BA00BBE32A /* AppDelegate.swift */; };
		A2D44FDD2BF9E8BA00BBE32A /* SceneDelegate.swift in Sources */ = {isa = PBXBuildFile; fileRef = A2D44FDC2BF9E8BA00BBE32A /* SceneDelegate.swift */; };
		A2D44FDF2BF9E8BA00BBE32A /* ViewController.swift in Sources */ = {isa = PBXBuildFile; fileRef = A2D44FDE2BF9E8BA00BBE32A /* ViewController.swift */; };
		A2D44FE22BF9E8BA00BBE32A /* Base in Resources */ = {isa = PBXBuildFile; fileRef = A2D44FE12BF9E8BA00BBE32A /* Base */; };
		A2D44FE42BF9E8BC00BBE32A /* Assets.xcassets in Resources */ = {isa = PBXBuildFile; fileRef = A2D44FE32BF9E8BC00BBE32A /* Assets.xcassets */; };
		A2D44FE72BF9E8BC00BBE32A /* Base in Resources */ = {isa = PBXBuildFile; fileRef = A2D44FE62BF9E8BC00BBE32A /* Base */; };
		A2E94A4F2C76070700982D73 /* FirebaseAuth in Frameworks */ = {isa = PBXBuildFile; productRef = A2E94A4E2C76070700982D73 /* FirebaseAuth */; };
		A2E94A512C76070700982D73 /* FirebaseFirestore in Frameworks */ = {isa = PBXBuildFile; productRef = A2E94A502C76070700982D73 /* FirebaseFirestore */; };
		A2E94A552C772DA200982D73 /* CheckerService.swift in Sources */ = {isa = PBXBuildFile; fileRef = A2E94A542C772DA200982D73 /* CheckerService.swift */; };
		A2F341A72C2193ED00AD0882 /* StorageService.docc in Sources */ = {isa = PBXBuildFile; fileRef = A2F341A62C2193ED00AD0882 /* StorageService.docc */; };
		A2F341AD2C2193ED00AD0882 /* StorageService.framework in Frameworks */ = {isa = PBXBuildFile; fileRef = A2F341A32C2193EC00AD0882 /* StorageService.framework */; };
		A2F341B42C2193ED00AD0882 /* StorageServiceTests.swift in Sources */ = {isa = PBXBuildFile; fileRef = A2F341B32C2193ED00AD0882 /* StorageServiceTests.swift */; };
		A2F341B52C2193ED00AD0882 /* StorageService.h in Headers */ = {isa = PBXBuildFile; fileRef = A2F341A52C2193EC00AD0882 /* StorageService.h */; settings = {ATTRIBUTES = (Public, ); }; };
		A2F341B82C2193ED00AD0882 /* StorageService.framework in Frameworks */ = {isa = PBXBuildFile; fileRef = A2F341A32C2193EC00AD0882 /* StorageService.framework */; };
		A2F341B92C2193ED00AD0882 /* StorageService.framework in Embed Frameworks */ = {isa = PBXBuildFile; fileRef = A2F341A32C2193EC00AD0882 /* StorageService.framework */; settings = {ATTRIBUTES = (CodeSignOnCopy, RemoveHeadersOnCopy, ); }; };
		A2F341C12C21941400AD0882 /* Post.swift in Sources */ = {isa = PBXBuildFile; fileRef = A29285E22BF9F492000F1271 /* Post.swift */; };
		A2F341CC2C2405A200AD0882 /* User.swift in Sources */ = {isa = PBXBuildFile; fileRef = A2F341CB2C2405A200AD0882 /* User.swift */; };
		A2F341CE2C2405CB00AD0882 /* UserService.swift in Sources */ = {isa = PBXBuildFile; fileRef = A2F341CD2C2405CB00AD0882 /* UserService.swift */; };
		A2F341D02C2405E900AD0882 /* CurrentUserService.swift in Sources */ = {isa = PBXBuildFile; fileRef = A2F341CF2C2405E900AD0882 /* CurrentUserService.swift */; };
		A2F341D52C24212D00AD0882 /* TestUserService.swift in Sources */ = {isa = PBXBuildFile; fileRef = A2F341D42C24212D00AD0882 /* TestUserService.swift */; };
/* End PBXBuildFile section */

/* Begin PBXContainerItemProxy section */
		A2F341AE2C2193ED00AD0882 /* PBXContainerItemProxy */ = {
			isa = PBXContainerItemProxy;
			containerPortal = A2D44FCF2BF9E8BA00BBE32A /* Project object */;
			proxyType = 1;
			remoteGlobalIDString = A2F341A22C2193EC00AD0882;
			remoteInfo = StorageService;
		};
		A2F341B02C2193ED00AD0882 /* PBXContainerItemProxy */ = {
			isa = PBXContainerItemProxy;
			containerPortal = A2D44FCF2BF9E8BA00BBE32A /* Project object */;
			proxyType = 1;
			remoteGlobalIDString = A2D44FD62BF9E8BA00BBE32A;
			remoteInfo = Navigation;
		};
		A2F341B62C2193ED00AD0882 /* PBXContainerItemProxy */ = {
			isa = PBXContainerItemProxy;
			containerPortal = A2D44FCF2BF9E8BA00BBE32A /* Project object */;
			proxyType = 1;
			remoteGlobalIDString = A2F341A22C2193EC00AD0882;
			remoteInfo = StorageService;
		};
/* End PBXContainerItemProxy section */

/* Begin PBXCopyFilesBuildPhase section */
		A2F341BA2C2193ED00AD0882 /* Embed Frameworks */ = {
			isa = PBXCopyFilesBuildPhase;
			buildActionMask = 2147483647;
			dstPath = "";
			dstSubfolderSpec = 10;
			files = (
				A2F341B92C2193ED00AD0882 /* StorageService.framework in Embed Frameworks */,
			);
			name = "Embed Frameworks";
			runOnlyForDeploymentPostprocessing = 0;
		};
/* End PBXCopyFilesBuildPhase section */

/* Begin PBXFileReference section */
		A21676152C5113DF001C904E /* AppError.swift */ = {isa = PBXFileReference; lastKnownFileType = sourcecode.swift; path = AppError.swift; sourceTree = "<group>"; };
		A21676192C5A46AF001C904E /* TrackCoordinator.swift */ = {isa = PBXFileReference; lastKnownFileType = sourcecode.swift; path = TrackCoordinator.swift; sourceTree = "<group>"; };
		A216761B2C5A49C6001C904E /* TrackViewController.swift */ = {isa = PBXFileReference; lastKnownFileType = sourcecode.swift; path = TrackViewController.swift; sourceTree = "<group>"; };
		A216762D2C5D0EA9001C904E /* YouTubeViewController.swift */ = {isa = PBXFileReference; lastKnownFileType = sourcecode.swift; path = YouTubeViewController.swift; sourceTree = "<group>"; };
		A21CA7272C0C7303000144FC /* PhotosTableViewCell.swift */ = {isa = PBXFileReference; lastKnownFileType = sourcecode.swift; path = PhotosTableViewCell.swift; sourceTree = "<group>"; };
		A2483F8F2C77A1F30024F21A /* GoogleService-Info.plist */ = {isa = PBXFileReference; fileEncoding = 4; lastKnownFileType = text.plist.xml; path = "GoogleService-Info.plist"; sourceTree = "<group>"; };
		A2483F932C78C2FC0024F21A /* YouTubeCoordinator.swift */ = {isa = PBXFileReference; lastKnownFileType = sourcecode.swift; path = YouTubeCoordinator.swift; sourceTree = "<group>"; };
		A2483F952C7D86ED0024F21A /* DocumentsViewController.swift */ = {isa = PBXFileReference; lastKnownFileType = sourcecode.swift; path = DocumentsViewController.swift; sourceTree = "<group>"; };
		A2483F972C7D872C0024F21A /* DocumentCoordinator.swift */ = {isa = PBXFileReference; lastKnownFileType = sourcecode.swift; path = DocumentCoordinator.swift; sourceTree = "<group>"; };
		A2483F992C8058F50024F21A /* FileService.swift */ = {isa = PBXFileReference; lastKnownFileType = sourcecode.swift; path = FileService.swift; sourceTree = "<group>"; };
		A2483F9B2C805BDC0024F21A /* ImageDetailViewController.swift */ = {isa = PBXFileReference; lastKnownFileType = sourcecode.swift; path = ImageDetailViewController.swift; sourceTree = "<group>"; };
		A249CE3A2C6A3AB500AF2A23 /* InfoCoordinator.swift */ = {isa = PBXFileReference; lastKnownFileType = sourcecode.swift; path = InfoCoordinator.swift; sourceTree = "<group>"; };
		A249CE3D2C6B82F500AF2A23 /* Planet.swift */ = {isa = PBXFileReference; lastKnownFileType = sourcecode.swift; path = Planet.swift; sourceTree = "<group>"; };
		A263BAF22C0C739F005EDA68 /* PhotosViewController.swift */ = {isa = PBXFileReference; lastKnownFileType = sourcecode.swift; path = PhotosViewController.swift; sourceTree = "<group>"; };
		A263BAF42C0C73BE005EDA68 /* PhotosCollectionViewCell.swift */ = {isa = PBXFileReference; lastKnownFileType = sourcecode.swift; path = PhotosCollectionViewCell.swift; sourceTree = "<group>"; };
		A263BAF82C0DE026005EDA68 /* PhotosTableViewController.swift */ = {isa = PBXFileReference; lastKnownFileType = sourcecode.swift; path = PhotosTableViewController.swift; sourceTree = "<group>"; };
		A27BA00E2C9591C50024F802 /* FavoritesViewController.swift */ = {isa = PBXFileReference; lastKnownFileType = sourcecode.swift; path = FavoritesViewController.swift; sourceTree = "<group>"; };
		A27BA0112C9591F70024F802 /* Model.xcdatamodel */ = {isa = PBXFileReference; lastKnownFileType = wrapper.xcdatamodel; path = Model.xcdatamodel; sourceTree = "<group>"; };
		A27BA0132C9592B70024F802 /* CoreDataManager.swift */ = {isa = PBXFileReference; lastKnownFileType = sourcecode.swift; path = CoreDataManager.swift; sourceTree = "<group>"; };
		A27BA0152C95944B0024F802 /* FavoritePostE+CoreDataClass.swift */ = {isa = PBXFileReference; lastKnownFileType = sourcecode.swift; path = "FavoritePostE+CoreDataClass.swift"; sourceTree = "<group>"; };
		A27BA0162C95944B0024F802 /* FavoritePostE+CoreDataProperties.swift */ = {isa = PBXFileReference; lastKnownFileType = sourcecode.swift; path = "FavoritePostE+CoreDataProperties.swift"; sourceTree = "<group>"; };
		A285EF372C3FC45000910A57 /* FeedViewModel.swift */ = {isa = PBXFileReference; lastKnownFileType = sourcecode.swift; path = FeedViewModel.swift; sourceTree = "<group>"; };
		A285EFB82C47E73700910A57 /* Coordinator.swift */ = {isa = PBXFileReference; lastKnownFileType = sourcecode.swift; path = Coordinator.swift; sourceTree = "<group>"; };
		A285EFBA2C47E80800910A57 /* AppCoordinator.swift */ = {isa = PBXFileReference; lastKnownFileType = sourcecode.swift; path = AppCoordinator.swift; sourceTree = "<group>"; };
		A285EFBC2C47E9B800910A57 /* ProfileCoordinator.swift */ = {isa = PBXFileReference; lastKnownFileType = sourcecode.swift; path = ProfileCoordinator.swift; sourceTree = "<group>"; };
		A285EFBE2C47E9D500910A57 /* FeedCoordinator.swift */ = {isa = PBXFileReference; lastKnownFileType = sourcecode.swift; path = FeedCoordinator.swift; sourceTree = "<group>"; };
		A285EFC02C491F4F00910A57 /* LoginCoordinator.swift */ = {isa = PBXFileReference; lastKnownFileType = sourcecode.swift; path = LoginCoordinator.swift; sourceTree = "<group>"; };
		A285EFC22C49472E00910A57 /* LoginViewControllerDelegate.swift */ = {isa = PBXFileReference; lastKnownFileType = sourcecode.swift; path = LoginViewControllerDelegate.swift; sourceTree = "<group>"; };
		A285EFC92C4BE14D00910A57 /* PasswordBruteForcer.swift */ = {isa = PBXFileReference; lastKnownFileType = sourcecode.swift; path = PasswordBruteForcer.swift; sourceTree = "<group>"; };
		A2922B4B2C3023F000B681A8 /* LoginFactory.swift */ = {isa = PBXFileReference; lastKnownFileType = sourcecode.swift; path = LoginFactory.swift; sourceTree = "<group>"; };
		A2922B4D2C30477600B681A8 /* LoginInspector.swift */ = {isa = PBXFileReference; lastKnownFileType = sourcecode.swift; path = LoginInspector.swift; sourceTree = "<group>"; };
		A29285E22BF9F492000F1271 /* Post.swift */ = {isa = PBXFileReference; lastKnownFileType = sourcecode.swift; path = Post.swift; sourceTree = "<group>"; };
		A29285E42BF9F4C1000F1271 /* PostViewController.swift */ = {isa = PBXFileReference; lastKnownFileType = sourcecode.swift; path = PostViewController.swift; sourceTree = "<group>"; };
		A29285E62BF9F4E8000F1271 /* ProfileViewController.swift */ = {isa = PBXFileReference; lastKnownFileType = sourcecode.swift; path = ProfileViewController.swift; sourceTree = "<group>"; };
		A29285E82BF9F51C000F1271 /* FeedViewController.swift */ = {isa = PBXFileReference; lastKnownFileType = sourcecode.swift; path = FeedViewController.swift; sourceTree = "<group>"; };
		A29285EA2BF9F543000F1271 /* InfoViewController.swift */ = {isa = PBXFileReference; lastKnownFileType = sourcecode.swift; path = InfoViewController.swift; sourceTree = "<group>"; };
		A29285ED2BF9F57D000F1271 /* ProfileHeaderView.swift */ = {isa = PBXFileReference; lastKnownFileType = sourcecode.swift; path = ProfileHeaderView.swift; sourceTree = "<group>"; };
		A29A17DB2C3A8AA700E9B4AA /* CustomButton.swift */ = {isa = PBXFileReference; lastKnownFileType = sourcecode.swift; path = CustomButton.swift; sourceTree = "<group>"; };
		A2A6BC1D2C3C09E400A91E69 /* FeedModel.swift */ = {isa = PBXFileReference; lastKnownFileType = sourcecode.swift; path = FeedModel.swift; sourceTree = "<group>"; };
		A2B618052BFA1823004FAFBB /* LogInViewController.swift */ = {isa = PBXFileReference; lastKnownFileType = sourcecode.swift; path = LogInViewController.swift; sourceTree = "<group>"; };
		A2B6180B2BFE5DA3004FAFBB /* ProfileTableHeaderView.swift */ = {isa = PBXFileReference; lastKnownFileType = sourcecode.swift; path = ProfileTableHeaderView.swift; sourceTree = "<group>"; };
		A2B6180D2BFE623F004FAFBB /* PostTableViewCell.swift */ = {isa = PBXFileReference; lastKnownFileType = sourcecode.swift; path = PostTableViewCell.swift; sourceTree = "<group>"; };
		A2CE87A02C6393FD003823EB /* track2.mp3 */ = {isa = PBXFileReference; lastKnownFileType = audio.mp3; path = track2.mp3; sourceTree = SOURCE_ROOT; };
		A2CE87A12C6393FD003823EB /* track1.mp3 */ = {isa = PBXFileReference; lastKnownFileType = audio.mp3; path = track1.mp3; sourceTree = SOURCE_ROOT; };
		A2CE87A22C6393FD003823EB /* track3.mp3 */ = {isa = PBXFileReference; lastKnownFileType = audio.mp3; path = track3.mp3; sourceTree = SOURCE_ROOT; };
		A2CE87A32C6393FD003823EB /* track5.mp3 */ = {isa = PBXFileReference; lastKnownFileType = audio.mp3; path = track5.mp3; sourceTree = SOURCE_ROOT; };
		A2CE87A42C6393FD003823EB /* track4.mp3 */ = {isa = PBXFileReference; lastKnownFileType = audio.mp3; path = track4.mp3; sourceTree = SOURCE_ROOT; };
		A2CE87AA2C6398B4003823EB /* NetworkService.swift */ = {isa = PBXFileReference; lastKnownFileType = sourcecode.swift; path = NetworkService.swift; sourceTree = "<group>"; };
		A2D07D762C9595A5007FDCE1 /* FavoriteCoordinator.swift */ = {isa = PBXFileReference; lastKnownFileType = sourcecode.swift; path = FavoriteCoordinator.swift; sourceTree = "<group>"; };
		A2D44FD72BF9E8BA00BBE32A /* Navigation.app */ = {isa = PBXFileReference; explicitFileType = wrapper.application; includeInIndex = 0; path = Navigation.app; sourceTree = BUILT_PRODUCTS_DIR; };
		A2D44FDA2BF9E8BA00BBE32A /* AppDelegate.swift */ = {isa = PBXFileReference; lastKnownFileType = sourcecode.swift; path = AppDelegate.swift; sourceTree = "<group>"; };
		A2D44FDC2BF9E8BA00BBE32A /* SceneDelegate.swift */ = {isa = PBXFileReference; lastKnownFileType = sourcecode.swift; path = SceneDelegate.swift; sourceTree = "<group>"; };
		A2D44FDE2BF9E8BA00BBE32A /* ViewController.swift */ = {isa = PBXFileReference; lastKnownFileType = sourcecode.swift; path = ViewController.swift; sourceTree = "<group>"; };
		A2D44FE12BF9E8BA00BBE32A /* Base */ = {isa = PBXFileReference; lastKnownFileType = file.storyboard; name = Base; path = Base.lproj/Main.storyboard; sourceTree = "<group>"; };
		A2D44FE32BF9E8BC00BBE32A /* Assets.xcassets */ = {isa = PBXFileReference; lastKnownFileType = folder.assetcatalog; path = Assets.xcassets; sourceTree = "<group>"; };
		A2D44FE62BF9E8BC00BBE32A /* Base */ = {isa = PBXFileReference; lastKnownFileType = file.storyboard; name = Base; path = Base.lproj/LaunchScreen.storyboard; sourceTree = "<group>"; };
		A2D44FE82BF9E8BC00BBE32A /* Info.plist */ = {isa = PBXFileReference; lastKnownFileType = text.plist.xml; path = Info.plist; sourceTree = "<group>"; };
		A2E94A542C772DA200982D73 /* CheckerService.swift */ = {isa = PBXFileReference; lastKnownFileType = sourcecode.swift; path = CheckerService.swift; sourceTree = "<group>"; };
		A2F341A32C2193EC00AD0882 /* StorageService.framework */ = {isa = PBXFileReference; explicitFileType = wrapper.framework; includeInIndex = 0; path = StorageService.framework; sourceTree = BUILT_PRODUCTS_DIR; };
		A2F341A52C2193EC00AD0882 /* StorageService.h */ = {isa = PBXFileReference; lastKnownFileType = sourcecode.c.h; path = StorageService.h; sourceTree = "<group>"; };
		A2F341A62C2193ED00AD0882 /* StorageService.docc */ = {isa = PBXFileReference; lastKnownFileType = folder.documentationcatalog; path = StorageService.docc; sourceTree = "<group>"; };
		A2F341AC2C2193ED00AD0882 /* StorageServiceTests.xctest */ = {isa = PBXFileReference; explicitFileType = wrapper.cfbundle; includeInIndex = 0; path = StorageServiceTests.xctest; sourceTree = BUILT_PRODUCTS_DIR; };
		A2F341B32C2193ED00AD0882 /* StorageServiceTests.swift */ = {isa = PBXFileReference; lastKnownFileType = sourcecode.swift; path = StorageServiceTests.swift; sourceTree = "<group>"; };
		A2F341CB2C2405A200AD0882 /* User.swift */ = {isa = PBXFileReference; lastKnownFileType = sourcecode.swift; path = User.swift; sourceTree = "<group>"; };
		A2F341CD2C2405CB00AD0882 /* UserService.swift */ = {isa = PBXFileReference; lastKnownFileType = sourcecode.swift; path = UserService.swift; sourceTree = "<group>"; };
		A2F341CF2C2405E900AD0882 /* CurrentUserService.swift */ = {isa = PBXFileReference; lastKnownFileType = sourcecode.swift; path = CurrentUserService.swift; sourceTree = "<group>"; };
		A2F341D42C24212D00AD0882 /* TestUserService.swift */ = {isa = PBXFileReference; lastKnownFileType = sourcecode.swift; path = TestUserService.swift; sourceTree = "<group>"; };
/* End PBXFileReference section */

/* Begin PBXFrameworksBuildPhase section */
		A2D44FD42BF9E8BA00BBE32A /* Frameworks */ = {
			isa = PBXFrameworksBuildPhase;
			buildActionMask = 2147483647;
			files = (
				A285EFC82C4A8EC600910A57 /* iOSIntPackage in Frameworks */,
				A2E94A4F2C76070700982D73 /* FirebaseAuth in Frameworks */,
				A285EFB42C47E14700910A57 /* SnapKit in Frameworks */,
				A2F341B82C2193ED00AD0882 /* StorageService.framework in Frameworks */,
				A216762C2C5D0E90001C904E /* YouTubeiOSPlayerHelper in Frameworks */,
				A2E94A512C76070700982D73 /* FirebaseFirestore in Frameworks */,
			);
			runOnlyForDeploymentPostprocessing = 0;
		};
		A2F341A02C2193EC00AD0882 /* Frameworks */ = {
			isa = PBXFrameworksBuildPhase;
			buildActionMask = 2147483647;
			files = (
			);
			runOnlyForDeploymentPostprocessing = 0;
		};
		A2F341A92C2193ED00AD0882 /* Frameworks */ = {
			isa = PBXFrameworksBuildPhase;
			buildActionMask = 2147483647;
			files = (
				A2F341AD2C2193ED00AD0882 /* StorageService.framework in Frameworks */,
			);
			runOnlyForDeploymentPostprocessing = 0;
		};
/* End PBXFrameworksBuildPhase section */

/* Begin PBXGroup section */
		A21676312C5D1118001C904E /* Sound */ = {
			isa = PBXGroup;
			children = (
				A216761B2C5A49C6001C904E /* TrackViewController.swift */,
				A216762D2C5D0EA9001C904E /* YouTubeViewController.swift */,
				A2CE87A12C6393FD003823EB /* track1.mp3 */,
				A2CE87A02C6393FD003823EB /* track2.mp3 */,
				A2CE87A22C6393FD003823EB /* track3.mp3 */,
				A2CE87A42C6393FD003823EB /* track4.mp3 */,
				A2CE87A32C6393FD003823EB /* track5.mp3 */,
			);
			path = Sound;
			sourceTree = "<group>";
		};
		A249CE3C2C6B82DB00AF2A23 /* Info */ = {
			isa = PBXGroup;
			children = (
				A29285EA2BF9F543000F1271 /* InfoViewController.swift */,
				A249CE3D2C6B82F500AF2A23 /* Planet.swift */,
			);
			path = Info;
			sourceTree = "<group>";
		};
		A285EF392C3FC6FD00910A57 /* Feed */ = {
			isa = PBXGroup;
			children = (
				A29285E82BF9F51C000F1271 /* FeedViewController.swift */,
				A2A6BC1D2C3C09E400A91E69 /* FeedModel.swift */,
				A285EF372C3FC45000910A57 /* FeedViewModel.swift */,
			);
			path = Feed;
			sourceTree = "<group>";
		};
		A285EFC42C494F0600910A57 /* Coordinator */ = {
			isa = PBXGroup;
			children = (
				A285EFB82C47E73700910A57 /* Coordinator.swift */,
				A285EFBA2C47E80800910A57 /* AppCoordinator.swift */,
				A285EFBC2C47E9B800910A57 /* ProfileCoordinator.swift */,
				A285EFBE2C47E9D500910A57 /* FeedCoordinator.swift */,
				A285EFC02C491F4F00910A57 /* LoginCoordinator.swift */,
				A21676192C5A46AF001C904E /* TrackCoordinator.swift */,
				A249CE3A2C6A3AB500AF2A23 /* InfoCoordinator.swift */,
				A2483F932C78C2FC0024F21A /* YouTubeCoordinator.swift */,
				A2483F972C7D872C0024F21A /* DocumentCoordinator.swift */,
				A2D07D762C9595A5007FDCE1 /* FavoriteCoordinator.swift */,
			);
			path = Coordinator;
			sourceTree = "<group>";
		};
		A285EFC52C494F3700910A57 /* Login */ = {
			isa = PBXGroup;
			children = (
				A285EFC92C4BE14D00910A57 /* PasswordBruteForcer.swift */,
				A2B618052BFA1823004FAFBB /* LogInViewController.swift */,
				A2E94A542C772DA200982D73 /* CheckerService.swift */,
				A2922B4B2C3023F000B681A8 /* LoginFactory.swift */,
				A2922B4D2C30477600B681A8 /* LoginInspector.swift */,
				A285EFC22C49472E00910A57 /* LoginViewControllerDelegate.swift */,
			);
			path = Login;
			sourceTree = "<group>";
		};
		A29285EC2BF9F55A000F1271 /* Profile */ = {
			isa = PBXGroup;
			children = (
				A29285E62BF9F4E8000F1271 /* ProfileViewController.swift */,
				A29285ED2BF9F57D000F1271 /* ProfileHeaderView.swift */,
				A2B6180B2BFE5DA3004FAFBB /* ProfileTableHeaderView.swift */,
			);
			path = Profile;
			sourceTree = "<group>";
		};
		A2D44FCE2BF9E8BA00BBE32A = {
			isa = PBXGroup;
			children = (
				A2D44FD92BF9E8BA00BBE32A /* Navigation */,
				A2F341A42C2193EC00AD0882 /* StorageService */,
				A2F341B22C2193ED00AD0882 /* StorageServiceTests */,
				A2D44FD82BF9E8BA00BBE32A /* Products */,
			);
			sourceTree = "<group>";
		};
		A2D44FD82BF9E8BA00BBE32A /* Products */ = {
			isa = PBXGroup;
			children = (
				A2D44FD72BF9E8BA00BBE32A /* Navigation.app */,
				A2F341A32C2193EC00AD0882 /* StorageService.framework */,
				A2F341AC2C2193ED00AD0882 /* StorageServiceTests.xctest */,
			);
			name = Products;
			sourceTree = "<group>";
		};
		A2D44FD92BF9E8BA00BBE32A /* Navigation */ = {
			isa = PBXGroup;
			children = (
				A285EFC42C494F0600910A57 /* Coordinator */,
				A2F341D32C24144700AD0882 /* Galery */,
				A2F341D22C24142600AD0882 /* Post */,
				A2F341D12C24069D00AD0882 /* User */,
				A285EFC52C494F3700910A57 /* Login */,
				A285EF392C3FC6FD00910A57 /* Feed */,
				A249CE3C2C6B82DB00AF2A23 /* Info */,
				A29285EC2BF9F55A000F1271 /* Profile */,
				A21676312C5D1118001C904E /* Sound */,
				A2D44FDA2BF9E8BA00BBE32A /* AppDelegate.swift */,
				A2D44FDC2BF9E8BA00BBE32A /* SceneDelegate.swift */,
				A2D44FDE2BF9E8BA00BBE32A /* ViewController.swift */,
				A2483F8F2C77A1F30024F21A /* GoogleService-Info.plist */,
				A2D44FE02BF9E8BA00BBE32A /* Main.storyboard */,
				A2D44FE32BF9E8BC00BBE32A /* Assets.xcassets */,
				A2D44FE52BF9E8BC00BBE32A /* LaunchScreen.storyboard */,
				A2D44FE82BF9E8BC00BBE32A /* Info.plist */,
				A29A17DB2C3A8AA700E9B4AA /* CustomButton.swift */,
				A21676152C5113DF001C904E /* AppError.swift */,
				A2CE87AA2C6398B4003823EB /* NetworkService.swift */,
				A2483F952C7D86ED0024F21A /* DocumentsViewController.swift */,
				A2483F992C8058F50024F21A /* FileService.swift */,
				A2483F9B2C805BDC0024F21A /* ImageDetailViewController.swift */,
			);
			path = Navigation;
			sourceTree = "<group>";
		};
		A2F341A42C2193EC00AD0882 /* StorageService */ = {
			isa = PBXGroup;
			children = (
				A29285E22BF9F492000F1271 /* Post.swift */,
				A2F341A52C2193EC00AD0882 /* StorageService.h */,
				A2F341A62C2193ED00AD0882 /* StorageService.docc */,
			);
			path = StorageService;
			sourceTree = "<group>";
		};
		A2F341B22C2193ED00AD0882 /* StorageServiceTests */ = {
			isa = PBXGroup;
			children = (
				A2F341B32C2193ED00AD0882 /* StorageServiceTests.swift */,
			);
			path = StorageServiceTests;
			sourceTree = "<group>";
		};
		A2F341D12C24069D00AD0882 /* User */ = {
			isa = PBXGroup;
			children = (
				A2F341D42C24212D00AD0882 /* TestUserService.swift */,
				A2F341CB2C2405A200AD0882 /* User.swift */,
				A2F341CD2C2405CB00AD0882 /* UserService.swift */,
				A2F341CF2C2405E900AD0882 /* CurrentUserService.swift */,
			);
			path = User;
			sourceTree = "<group>";
		};
		A2F341D22C24142600AD0882 /* Post */ = {
			isa = PBXGroup;
			children = (
				A29285E42BF9F4C1000F1271 /* PostViewController.swift */,
				A2B6180D2BFE623F004FAFBB /* PostTableViewCell.swift */,
				A27BA00E2C9591C50024F802 /* FavoritesViewController.swift */,
				A27BA0152C95944B0024F802 /* FavoritePostE+CoreDataClass.swift */,
				A27BA0162C95944B0024F802 /* FavoritePostE+CoreDataProperties.swift */,
				A27BA0102C9591F70024F802 /* Model.xcdatamodeld */,
				A27BA0132C9592B70024F802 /* CoreDataManager.swift */,
			);
			path = Post;
			sourceTree = "<group>";
		};
		A2F341D32C24144700AD0882 /* Galery */ = {
			isa = PBXGroup;
			children = (
				A21CA7272C0C7303000144FC /* PhotosTableViewCell.swift */,
				A263BAF22C0C739F005EDA68 /* PhotosViewController.swift */,
				A263BAF42C0C73BE005EDA68 /* PhotosCollectionViewCell.swift */,
				A263BAF82C0DE026005EDA68 /* PhotosTableViewController.swift */,
			);
			path = Galery;
			sourceTree = "<group>";
		};
/* End PBXGroup section */

/* Begin PBXHeadersBuildPhase section */
		A2F3419E2C2193EC00AD0882 /* Headers */ = {
			isa = PBXHeadersBuildPhase;
			buildActionMask = 2147483647;
			files = (
				A2F341B52C2193ED00AD0882 /* StorageService.h in Headers */,
			);
			runOnlyForDeploymentPostprocessing = 0;
		};
/* End PBXHeadersBuildPhase section */

/* Begin PBXNativeTarget section */
		A2D44FD62BF9E8BA00BBE32A /* Navigation */ = {
			isa = PBXNativeTarget;
			buildConfigurationList = A2D44FEB2BF9E8BC00BBE32A /* Build configuration list for PBXNativeTarget "Navigation" */;
			buildPhases = (
				A2D44FD32BF9E8BA00BBE32A /* Sources */,
				A2D44FD42BF9E8BA00BBE32A /* Frameworks */,
				A2D44FD52BF9E8BA00BBE32A /* Resources */,
				A2F341BA2C2193ED00AD0882 /* Embed Frameworks */,
			);
			buildRules = (
			);
			dependencies = (
				A2F341B72C2193ED00AD0882 /* PBXTargetDependency */,
			);
			name = Navigation;
			packageProductDependencies = (
				A285EFB32C47E14700910A57 /* SnapKit */,
				A285EFC72C4A8EC600910A57 /* iOSIntPackage */,
				A216762B2C5D0E90001C904E /* YouTubeiOSPlayerHelper */,
				A2E94A4E2C76070700982D73 /* FirebaseAuth */,
				A2E94A502C76070700982D73 /* FirebaseFirestore */,
			);
			productName = Navigation;
			productReference = A2D44FD72BF9E8BA00BBE32A /* Navigation.app */;
			productType = "com.apple.product-type.application";
		};
		A2F341A22C2193EC00AD0882 /* StorageService */ = {
			isa = PBXNativeTarget;
			buildConfigurationList = A2F341BF2C2193ED00AD0882 /* Build configuration list for PBXNativeTarget "StorageService" */;
			buildPhases = (
				A2F3419E2C2193EC00AD0882 /* Headers */,
				A2F3419F2C2193EC00AD0882 /* Sources */,
				A2F341A02C2193EC00AD0882 /* Frameworks */,
				A2F341A12C2193EC00AD0882 /* Resources */,
			);
			buildRules = (
			);
			dependencies = (
			);
			name = StorageService;
			productName = StorageService;
			productReference = A2F341A32C2193EC00AD0882 /* StorageService.framework */;
			productType = "com.apple.product-type.framework";
		};
		A2F341AB2C2193ED00AD0882 /* StorageServiceTests */ = {
			isa = PBXNativeTarget;
			buildConfigurationList = A2F341C02C2193ED00AD0882 /* Build configuration list for PBXNativeTarget "StorageServiceTests" */;
			buildPhases = (
				A2F341A82C2193ED00AD0882 /* Sources */,
				A2F341A92C2193ED00AD0882 /* Frameworks */,
				A2F341AA2C2193ED00AD0882 /* Resources */,
			);
			buildRules = (
			);
			dependencies = (
				A2F341AF2C2193ED00AD0882 /* PBXTargetDependency */,
				A2F341B12C2193ED00AD0882 /* PBXTargetDependency */,
			);
			name = StorageServiceTests;
			productName = StorageServiceTests;
			productReference = A2F341AC2C2193ED00AD0882 /* StorageServiceTests.xctest */;
			productType = "com.apple.product-type.bundle.unit-test";
		};
/* End PBXNativeTarget section */

/* Begin PBXProject section */
		A2D44FCF2BF9E8BA00BBE32A /* Project object */ = {
			isa = PBXProject;
			attributes = {
				BuildIndependentTargetsInParallel = 1;
				LastSwiftUpdateCheck = 1530;
				LastUpgradeCheck = 1540;
				TargetAttributes = {
					A2D44FD62BF9E8BA00BBE32A = {
						CreatedOnToolsVersion = 15.3;
					};
					A2F341A22C2193EC00AD0882 = {
						CreatedOnToolsVersion = 15.3;
					};
					A2F341AB2C2193ED00AD0882 = {
						CreatedOnToolsVersion = 15.3;
						TestTargetID = A2D44FD62BF9E8BA00BBE32A;
					};
				};
			};
			buildConfigurationList = A2D44FD22BF9E8BA00BBE32A /* Build configuration list for PBXProject "Navigation" */;
			compatibilityVersion = "Xcode 14.0";
			developmentRegion = en;
			hasScannedForEncodings = 0;
			knownRegions = (
				en,
				Base,
			);
			mainGroup = A2D44FCE2BF9E8BA00BBE32A;
			packageReferences = (
				A285EFB22C47E14700910A57 /* XCRemoteSwiftPackageReference "SnapKit" */,
				A285EFC62C4A8EC600910A57 /* XCRemoteSwiftPackageReference "iOSIntPackage" */,
				A216762A2C5D0E90001C904E /* XCRemoteSwiftPackageReference "youtube-ios-player-helper" */,
				A2E94A4D2C76070700982D73 /* XCRemoteSwiftPackageReference "firebase-ios-sdk" */,
			);
			productRefGroup = A2D44FD82BF9E8BA00BBE32A /* Products */;
			projectDirPath = "";
			projectRoot = "";
			targets = (
				A2D44FD62BF9E8BA00BBE32A /* Navigation */,
				A2F341A22C2193EC00AD0882 /* StorageService */,
				A2F341AB2C2193ED00AD0882 /* StorageServiceTests */,
			);
		};
/* End PBXProject section */

/* Begin PBXResourcesBuildPhase section */
		A2D44FD52BF9E8BA00BBE32A /* Resources */ = {
			isa = PBXResourcesBuildPhase;
			buildActionMask = 2147483647;
			files = (
				A2CE87A72C6393FE003823EB /* track3.mp3 in Resources */,
				A2CE87A92C6393FE003823EB /* track4.mp3 in Resources */,
				A2483F902C77A1F30024F21A /* GoogleService-Info.plist in Resources */,
				A2CE87A82C6393FE003823EB /* track5.mp3 in Resources */,
				A2D44FE42BF9E8BC00BBE32A /* Assets.xcassets in Resources */,
				A2D44FE72BF9E8BC00BBE32A /* Base in Resources */,
				A2CE87A62C6393FE003823EB /* track1.mp3 in Resources */,
				A2D44FE22BF9E8BA00BBE32A /* Base in Resources */,
				A2CE87A52C6393FD003823EB /* track2.mp3 in Resources */,
			);
			runOnlyForDeploymentPostprocessing = 0;
		};
		A2F341A12C2193EC00AD0882 /* Resources */ = {
			isa = PBXResourcesBuildPhase;
			buildActionMask = 2147483647;
			files = (
			);
			runOnlyForDeploymentPostprocessing = 0;
		};
		A2F341AA2C2193ED00AD0882 /* Resources */ = {
			isa = PBXResourcesBuildPhase;
			buildActionMask = 2147483647;
			files = (
			);
			runOnlyForDeploymentPostprocessing = 0;
		};
/* End PBXResourcesBuildPhase section */

/* Begin PBXSourcesBuildPhase section */
		A2D44FD32BF9E8BA00BBE32A /* Sources */ = {
			isa = PBXSourcesBuildPhase;
			buildActionMask = 2147483647;
			files = (
				A285EFC32C49472E00910A57 /* LoginViewControllerDelegate.swift in Sources */,
				A27BA0122C9591F70024F802 /* Model.xcdatamodeld in Sources */,
				A2483F982C7D872C0024F21A /* DocumentCoordinator.swift in Sources */,
				A285EF382C3FC45000910A57 /* FeedViewModel.swift in Sources */,
				A29285E72BF9F4E8000F1271 /* ProfileViewController.swift in Sources */,
				A285EFB92C47E73700910A57 /* Coordinator.swift in Sources */,
				A2E94A552C772DA200982D73 /* CheckerService.swift in Sources */,
				A285EFBF2C47E9D500910A57 /* FeedCoordinator.swift in Sources */,
				A2D44FDF2BF9E8BA00BBE32A /* ViewController.swift in Sources */,
				A2D44FDB2BF9E8BA00BBE32A /* AppDelegate.swift in Sources */,
				A21676162C5113DF001C904E /* AppError.swift in Sources */,
				A216761C2C5A49C6001C904E /* TrackViewController.swift in Sources */,
				A285EFBB2C47E80800910A57 /* AppCoordinator.swift in Sources */,
				A2D44FDD2BF9E8BA00BBE32A /* SceneDelegate.swift in Sources */,
				A216761A2C5A46AF001C904E /* TrackCoordinator.swift in Sources */,
				A249CE3B2C6A3AB500AF2A23 /* InfoCoordinator.swift in Sources */,
				A285EFCA2C4BE14D00910A57 /* PasswordBruteForcer.swift in Sources */,
				A285EFBD2C47E9B800910A57 /* ProfileCoordinator.swift in Sources */,
				A2F341CC2C2405A200AD0882 /* User.swift in Sources */,
				A29285EE2BF9F57D000F1271 /* ProfileHeaderView.swift in Sources */,
				A249CE3E2C6B82F500AF2A23 /* Planet.swift in Sources */,
				A2483F9A2C8058F50024F21A /* FileService.swift in Sources */,
				A27BA0142C9592B70024F802 /* CoreDataManager.swift in Sources */,
				A285EFC12C491F4F00910A57 /* LoginCoordinator.swift in Sources */,
				A2A6BC1E2C3C09E400A91E69 /* FeedModel.swift in Sources */,
				A2D07D772C9595A5007FDCE1 /* FavoriteCoordinator.swift in Sources */,
				A2F341CE2C2405CB00AD0882 /* UserService.swift in Sources */,
				A2483F942C78C2FC0024F21A /* YouTubeCoordinator.swift in Sources */,
				A29285E52BF9F4C1000F1271 /* PostViewController.swift in Sources */,
				A29285EB2BF9F543000F1271 /* InfoViewController.swift in Sources */,
				A2B618062BFA1823004FAFBB /* LogInViewController.swift in Sources */,
				A27BA00F2C9591C50024F802 /* FavoritesViewController.swift in Sources */,
				A2F341D02C2405E900AD0882 /* CurrentUserService.swift in Sources */,
				A2F341D52C24212D00AD0882 /* TestUserService.swift in Sources */,
				A2922B4C2C3023F000B681A8 /* LoginFactory.swift in Sources */,
				A21CA7282C0C7303000144FC /* PhotosTableViewCell.swift in Sources */,
				A2B6180C2BFE5DA3004FAFBB /* ProfileTableHeaderView.swift in Sources */,
				A263BAF52C0C73BE005EDA68 /* PhotosCollectionViewCell.swift in Sources */,
				A29A17DC2C3A8AA700E9B4AA /* CustomButton.swift in Sources */,
				A2483F9C2C805BDC0024F21A /* ImageDetailViewController.swift in Sources */,
				A216762E2C5D0EA9001C904E /* YouTubeViewController.swift in Sources */,
				A27BA0172C95944B0024F802 /* FavoritePostE+CoreDataClass.swift in Sources */,
				A27BA0182C95944B0024F802 /* FavoritePostE+CoreDataProperties.swift in Sources */,
				A2922B4E2C30477600B681A8 /* LoginInspector.swift in Sources */,
				A263BAF32C0C739F005EDA68 /* PhotosViewController.swift in Sources */,
				A2CE87AB2C6398B4003823EB /* NetworkService.swift in Sources */,
				A29285E92BF9F51C000F1271 /* FeedViewController.swift in Sources */,
				A2483F962C7D86ED0024F21A /* DocumentsViewController.swift in Sources */,
				A263BAF92C0DE026005EDA68 /* PhotosTableViewController.swift in Sources */,
				A2B6180E2BFE623F004FAFBB /* PostTableViewCell.swift in Sources */,
			);
			runOnlyForDeploymentPostprocessing = 0;
		};
		A2F3419F2C2193EC00AD0882 /* Sources */ = {
			isa = PBXSourcesBuildPhase;
			buildActionMask = 2147483647;
			files = (
				A2F341A72C2193ED00AD0882 /* StorageService.docc in Sources */,
				A2F341C12C21941400AD0882 /* Post.swift in Sources */,
			);
			runOnlyForDeploymentPostprocessing = 0;
		};
		A2F341A82C2193ED00AD0882 /* Sources */ = {
			isa = PBXSourcesBuildPhase;
			buildActionMask = 2147483647;
			files = (
				A2F341B42C2193ED00AD0882 /* StorageServiceTests.swift in Sources */,
			);
			runOnlyForDeploymentPostprocessing = 0;
		};
/* End PBXSourcesBuildPhase section */

/* Begin PBXTargetDependency section */
		A2F341AF2C2193ED00AD0882 /* PBXTargetDependency */ = {
			isa = PBXTargetDependency;
			target = A2F341A22C2193EC00AD0882 /* StorageService */;
			targetProxy = A2F341AE2C2193ED00AD0882 /* PBXContainerItemProxy */;
		};
		A2F341B12C2193ED00AD0882 /* PBXTargetDependency */ = {
			isa = PBXTargetDependency;
			target = A2D44FD62BF9E8BA00BBE32A /* Navigation */;
			targetProxy = A2F341B02C2193ED00AD0882 /* PBXContainerItemProxy */;
		};
		A2F341B72C2193ED00AD0882 /* PBXTargetDependency */ = {
			isa = PBXTargetDependency;
			target = A2F341A22C2193EC00AD0882 /* StorageService */;
			targetProxy = A2F341B62C2193ED00AD0882 /* PBXContainerItemProxy */;
		};
/* End PBXTargetDependency section */

/* Begin PBXVariantGroup section */
		A2D44FE02BF9E8BA00BBE32A /* Main.storyboard */ = {
			isa = PBXVariantGroup;
			children = (
				A2D44FE12BF9E8BA00BBE32A /* Base */,
			);
			name = Main.storyboard;
			sourceTree = "<group>";
		};
		A2D44FE52BF9E8BC00BBE32A /* LaunchScreen.storyboard */ = {
			isa = PBXVariantGroup;
			children = (
				A2D44FE62BF9E8BC00BBE32A /* Base */,
			);
			name = LaunchScreen.storyboard;
			sourceTree = "<group>";
		};
/* End PBXVariantGroup section */

/* Begin XCBuildConfiguration section */
		A2D44FE92BF9E8BC00BBE32A /* Debug */ = {
			isa = XCBuildConfiguration;
			buildSettings = {
				ALWAYS_SEARCH_USER_PATHS = NO;
				ASSETCATALOG_COMPILER_GENERATE_SWIFT_ASSET_SYMBOL_EXTENSIONS = YES;
				CLANG_ANALYZER_NONNULL = YES;
				CLANG_ANALYZER_NUMBER_OBJECT_CONVERSION = YES_AGGRESSIVE;
				CLANG_CXX_LANGUAGE_STANDARD = "gnu++20";
				CLANG_ENABLE_MODULES = YES;
				CLANG_ENABLE_OBJC_ARC = YES;
				CLANG_ENABLE_OBJC_WEAK = YES;
				CLANG_WARN_BLOCK_CAPTURE_AUTORELEASING = YES;
				CLANG_WARN_BOOL_CONVERSION = YES;
				CLANG_WARN_COMMA = YES;
				CLANG_WARN_CONSTANT_CONVERSION = YES;
				CLANG_WARN_DEPRECATED_OBJC_IMPLEMENTATIONS = YES;
				CLANG_WARN_DIRECT_OBJC_ISA_USAGE = YES_ERROR;
				CLANG_WARN_DOCUMENTATION_COMMENTS = YES;
				CLANG_WARN_EMPTY_BODY = YES;
				CLANG_WARN_ENUM_CONVERSION = YES;
				CLANG_WARN_INFINITE_RECURSION = YES;
				CLANG_WARN_INT_CONVERSION = YES;
				CLANG_WARN_NON_LITERAL_NULL_CONVERSION = YES;
				CLANG_WARN_OBJC_IMPLICIT_RETAIN_SELF = YES;
				CLANG_WARN_OBJC_LITERAL_CONVERSION = YES;
				CLANG_WARN_OBJC_ROOT_CLASS = YES_ERROR;
				CLANG_WARN_QUOTED_INCLUDE_IN_FRAMEWORK_HEADER = YES;
				CLANG_WARN_RANGE_LOOP_ANALYSIS = YES;
				CLANG_WARN_STRICT_PROTOTYPES = YES;
				CLANG_WARN_SUSPICIOUS_MOVE = YES;
				CLANG_WARN_UNGUARDED_AVAILABILITY = YES_AGGRESSIVE;
				CLANG_WARN_UNREACHABLE_CODE = YES;
				CLANG_WARN__DUPLICATE_METHOD_MATCH = YES;
				COPY_PHASE_STRIP = NO;
				DEBUG_INFORMATION_FORMAT = dwarf;
				ENABLE_STRICT_OBJC_MSGSEND = YES;
				ENABLE_TESTABILITY = YES;
				ENABLE_USER_SCRIPT_SANDBOXING = YES;
				GCC_C_LANGUAGE_STANDARD = gnu17;
				GCC_DYNAMIC_NO_PIC = NO;
				GCC_NO_COMMON_BLOCKS = YES;
				GCC_OPTIMIZATION_LEVEL = 0;
				GCC_PREPROCESSOR_DEFINITIONS = (
					"DEBUG=1",
					"$(inherited)",
				);
				GCC_WARN_64_TO_32_BIT_CONVERSION = YES;
				GCC_WARN_ABOUT_RETURN_TYPE = YES_ERROR;
				GCC_WARN_UNDECLARED_SELECTOR = YES;
				GCC_WARN_UNINITIALIZED_AUTOS = YES_AGGRESSIVE;
				GCC_WARN_UNUSED_FUNCTION = YES;
				GCC_WARN_UNUSED_VARIABLE = YES;
				IPHONEOS_DEPLOYMENT_TARGET = 17.4;
				LOCALIZATION_PREFERS_STRING_CATALOGS = YES;
				MTL_ENABLE_DEBUG_INFO = INCLUDE_SOURCE;
				MTL_FAST_MATH = YES;
				ONLY_ACTIVE_ARCH = YES;
				SDKROOT = iphoneos;
				SWIFT_ACTIVE_COMPILATION_CONDITIONS = "DEBUG $(inherited)";
				SWIFT_OPTIMIZATION_LEVEL = "-Onone";
			};
			name = Debug;
		};
		A2D44FEA2BF9E8BC00BBE32A /* Release */ = {
			isa = XCBuildConfiguration;
			buildSettings = {
				ALWAYS_SEARCH_USER_PATHS = NO;
				ASSETCATALOG_COMPILER_GENERATE_SWIFT_ASSET_SYMBOL_EXTENSIONS = YES;
				CLANG_ANALYZER_NONNULL = YES;
				CLANG_ANALYZER_NUMBER_OBJECT_CONVERSION = YES_AGGRESSIVE;
				CLANG_CXX_LANGUAGE_STANDARD = "gnu++20";
				CLANG_ENABLE_MODULES = YES;
				CLANG_ENABLE_OBJC_ARC = YES;
				CLANG_ENABLE_OBJC_WEAK = YES;
				CLANG_WARN_BLOCK_CAPTURE_AUTORELEASING = YES;
				CLANG_WARN_BOOL_CONVERSION = YES;
				CLANG_WARN_COMMA = YES;
				CLANG_WARN_CONSTANT_CONVERSION = YES;
				CLANG_WARN_DEPRECATED_OBJC_IMPLEMENTATIONS = YES;
				CLANG_WARN_DIRECT_OBJC_ISA_USAGE = YES_ERROR;
				CLANG_WARN_DOCUMENTATION_COMMENTS = YES;
				CLANG_WARN_EMPTY_BODY = YES;
				CLANG_WARN_ENUM_CONVERSION = YES;
				CLANG_WARN_INFINITE_RECURSION = YES;
				CLANG_WARN_INT_CONVERSION = YES;
				CLANG_WARN_NON_LITERAL_NULL_CONVERSION = YES;
				CLANG_WARN_OBJC_IMPLICIT_RETAIN_SELF = YES;
				CLANG_WARN_OBJC_LITERAL_CONVERSION = YES;
				CLANG_WARN_OBJC_ROOT_CLASS = YES_ERROR;
				CLANG_WARN_QUOTED_INCLUDE_IN_FRAMEWORK_HEADER = YES;
				CLANG_WARN_RANGE_LOOP_ANALYSIS = YES;
				CLANG_WARN_STRICT_PROTOTYPES = YES;
				CLANG_WARN_SUSPICIOUS_MOVE = YES;
				CLANG_WARN_UNGUARDED_AVAILABILITY = YES_AGGRESSIVE;
				CLANG_WARN_UNREACHABLE_CODE = YES;
				CLANG_WARN__DUPLICATE_METHOD_MATCH = YES;
				COPY_PHASE_STRIP = NO;
				DEBUG_INFORMATION_FORMAT = "dwarf-with-dsym";
				ENABLE_NS_ASSERTIONS = NO;
				ENABLE_STRICT_OBJC_MSGSEND = YES;
				ENABLE_USER_SCRIPT_SANDBOXING = YES;
				GCC_C_LANGUAGE_STANDARD = gnu17;
				GCC_NO_COMMON_BLOCKS = YES;
				GCC_WARN_64_TO_32_BIT_CONVERSION = YES;
				GCC_WARN_ABOUT_RETURN_TYPE = YES_ERROR;
				GCC_WARN_UNDECLARED_SELECTOR = YES;
				GCC_WARN_UNINITIALIZED_AUTOS = YES_AGGRESSIVE;
				GCC_WARN_UNUSED_FUNCTION = YES;
				GCC_WARN_UNUSED_VARIABLE = YES;
				IPHONEOS_DEPLOYMENT_TARGET = 17.4;
				LOCALIZATION_PREFERS_STRING_CATALOGS = YES;
				MTL_ENABLE_DEBUG_INFO = NO;
				MTL_FAST_MATH = YES;
				SDKROOT = iphoneos;
				SWIFT_COMPILATION_MODE = wholemodule;
				VALIDATE_PRODUCT = YES;
			};
			name = Release;
		};
		A2D44FEC2BF9E8BC00BBE32A /* Debug */ = {
			isa = XCBuildConfiguration;
			buildSettings = {
				ALWAYS_EMBED_SWIFT_STANDARD_LIBRARIES = YES;
				ASSETCATALOG_COMPILER_APPICON_NAME = AppIcon;
				ASSETCATALOG_COMPILER_GLOBAL_ACCENT_COLOR_NAME = AccentColor;
				CODE_SIGN_STYLE = Automatic;
				CURRENT_PROJECT_VERSION = 1;
				GENERATE_INFOPLIST_FILE = YES;
				INFOPLIST_FILE = Navigation/Info.plist;
				INFOPLIST_KEY_UIApplicationSupportsIndirectInputEvents = YES;
				INFOPLIST_KEY_UILaunchStoryboardName = LaunchScreen;
				INFOPLIST_KEY_UIMainStoryboardFile = Main;
				INFOPLIST_KEY_UISupportedInterfaceOrientations_iPad = "UIInterfaceOrientationPortrait UIInterfaceOrientationPortraitUpsideDown UIInterfaceOrientationLandscapeLeft UIInterfaceOrientationLandscapeRight";
				INFOPLIST_KEY_UISupportedInterfaceOrientations_iPhone = "UIInterfaceOrientationPortrait UIInterfaceOrientationLandscapeLeft UIInterfaceOrientationLandscapeRight";
				IPHONEOS_DEPLOYMENT_TARGET = 15.0;
				LD_RUNPATH_SEARCH_PATHS = (
					"$(inherited)",
					"@executable_path/Frameworks",
				);
				MARKETING_VERSION = 1.0;
				PRODUCT_BUNDLE_IDENTIFIER = Product.Navigation;
				PRODUCT_NAME = "$(TARGET_NAME)";
				SWIFT_EMIT_LOC_STRINGS = YES;
				SWIFT_VERSION = 5.0;
				TARGETED_DEVICE_FAMILY = "1,2";
			};
			name = Debug;
		};
		A2D44FED2BF9E8BC00BBE32A /* Release */ = {
			isa = XCBuildConfiguration;
			buildSettings = {
				ALWAYS_EMBED_SWIFT_STANDARD_LIBRARIES = YES;
				ASSETCATALOG_COMPILER_APPICON_NAME = AppIcon;
				ASSETCATALOG_COMPILER_GLOBAL_ACCENT_COLOR_NAME = AccentColor;
				CODE_SIGN_STYLE = Automatic;
				CURRENT_PROJECT_VERSION = 1;
				GENERATE_INFOPLIST_FILE = YES;
				INFOPLIST_FILE = Navigation/Info.plist;
				INFOPLIST_KEY_UIApplicationSupportsIndirectInputEvents = YES;
				INFOPLIST_KEY_UILaunchStoryboardName = LaunchScreen;
				INFOPLIST_KEY_UIMainStoryboardFile = Main;
				INFOPLIST_KEY_UISupportedInterfaceOrientations_iPad = "UIInterfaceOrientationPortrait UIInterfaceOrientationPortraitUpsideDown UIInterfaceOrientationLandscapeLeft UIInterfaceOrientationLandscapeRight";
				INFOPLIST_KEY_UISupportedInterfaceOrientations_iPhone = "UIInterfaceOrientationPortrait UIInterfaceOrientationLandscapeLeft UIInterfaceOrientationLandscapeRight";
				IPHONEOS_DEPLOYMENT_TARGET = 15.0;
				LD_RUNPATH_SEARCH_PATHS = (
					"$(inherited)",
					"@executable_path/Frameworks",
				);
				MARKETING_VERSION = 1.0;
				PRODUCT_BUNDLE_IDENTIFIER = Product.Navigation;
				PRODUCT_NAME = "$(TARGET_NAME)";
				SWIFT_EMIT_LOC_STRINGS = YES;
				SWIFT_VERSION = 5.0;
				TARGETED_DEVICE_FAMILY = "1,2";
			};
			name = Release;
		};
		A2F341BB2C2193ED00AD0882 /* Debug */ = {
			isa = XCBuildConfiguration;
			buildSettings = {
				BUILD_LIBRARY_FOR_DISTRIBUTION = YES;
				CODE_SIGN_IDENTITY = "";
				CODE_SIGN_STYLE = Automatic;
				CURRENT_PROJECT_VERSION = 1;
				DEFINES_MODULE = YES;
				DYLIB_COMPATIBILITY_VERSION = 1;
				DYLIB_CURRENT_VERSION = 1;
				DYLIB_INSTALL_NAME_BASE = "@rpath";
				ENABLE_MODULE_VERIFIER = YES;
				GENERATE_INFOPLIST_FILE = YES;
				INFOPLIST_KEY_NSHumanReadableCopyright = "";
				INSTALL_PATH = "$(LOCAL_LIBRARY_DIR)/Frameworks";
				LD_RUNPATH_SEARCH_PATHS = (
					"$(inherited)",
					"@executable_path/Frameworks",
					"@loader_path/Frameworks",
				);
				MARKETING_VERSION = 1.0;
				MODULE_VERIFIER_SUPPORTED_LANGUAGES = "objective-c objective-c++";
				MODULE_VERIFIER_SUPPORTED_LANGUAGE_STANDARDS = "gnu17 gnu++20";
				PRODUCT_BUNDLE_IDENTIFIER = Product.StorageService;
				PRODUCT_NAME = "$(TARGET_NAME:c99extidentifier)";
				SKIP_INSTALL = YES;
				SWIFT_EMIT_LOC_STRINGS = YES;
				SWIFT_INSTALL_OBJC_HEADER = NO;
				SWIFT_VERSION = 5.0;
				TARGETED_DEVICE_FAMILY = "1,2";
				VERSIONING_SYSTEM = "apple-generic";
				VERSION_INFO_PREFIX = "";
			};
			name = Debug;
		};
		A2F341BC2C2193ED00AD0882 /* Release */ = {
			isa = XCBuildConfiguration;
			buildSettings = {
				BUILD_LIBRARY_FOR_DISTRIBUTION = YES;
				CODE_SIGN_IDENTITY = "";
				CODE_SIGN_STYLE = Automatic;
				CURRENT_PROJECT_VERSION = 1;
				DEFINES_MODULE = YES;
				DYLIB_COMPATIBILITY_VERSION = 1;
				DYLIB_CURRENT_VERSION = 1;
				DYLIB_INSTALL_NAME_BASE = "@rpath";
				ENABLE_MODULE_VERIFIER = YES;
				GENERATE_INFOPLIST_FILE = YES;
				INFOPLIST_KEY_NSHumanReadableCopyright = "";
				INSTALL_PATH = "$(LOCAL_LIBRARY_DIR)/Frameworks";
				LD_RUNPATH_SEARCH_PATHS = (
					"$(inherited)",
					"@executable_path/Frameworks",
					"@loader_path/Frameworks",
				);
				MARKETING_VERSION = 1.0;
				MODULE_VERIFIER_SUPPORTED_LANGUAGES = "objective-c objective-c++";
				MODULE_VERIFIER_SUPPORTED_LANGUAGE_STANDARDS = "gnu17 gnu++20";
				PRODUCT_BUNDLE_IDENTIFIER = Product.StorageService;
				PRODUCT_NAME = "$(TARGET_NAME:c99extidentifier)";
				SKIP_INSTALL = YES;
				SWIFT_EMIT_LOC_STRINGS = YES;
				SWIFT_INSTALL_OBJC_HEADER = NO;
				SWIFT_VERSION = 5.0;
				TARGETED_DEVICE_FAMILY = "1,2";
				VERSIONING_SYSTEM = "apple-generic";
				VERSION_INFO_PREFIX = "";
			};
			name = Release;
		};
		A2F341BD2C2193ED00AD0882 /* Debug */ = {
			isa = XCBuildConfiguration;
			buildSettings = {
				ALWAYS_EMBED_SWIFT_STANDARD_LIBRARIES = YES;
				CODE_SIGN_STYLE = Automatic;
				CURRENT_PROJECT_VERSION = 1;
				GENERATE_INFOPLIST_FILE = YES;
				MARKETING_VERSION = 1.0;
				PRODUCT_BUNDLE_IDENTIFIER = Product.StorageServiceTests;
				PRODUCT_NAME = "$(TARGET_NAME)";
				SWIFT_EMIT_LOC_STRINGS = NO;
				SWIFT_VERSION = 5.0;
				TARGETED_DEVICE_FAMILY = "1,2";
				TEST_HOST = "$(BUILT_PRODUCTS_DIR)/Navigation.app/$(BUNDLE_EXECUTABLE_FOLDER_PATH)/Navigation";
			};
			name = Debug;
		};
		A2F341BE2C2193ED00AD0882 /* Release */ = {
			isa = XCBuildConfiguration;
			buildSettings = {
				ALWAYS_EMBED_SWIFT_STANDARD_LIBRARIES = YES;
				CODE_SIGN_STYLE = Automatic;
				CURRENT_PROJECT_VERSION = 1;
				GENERATE_INFOPLIST_FILE = YES;
				MARKETING_VERSION = 1.0;
				PRODUCT_BUNDLE_IDENTIFIER = Product.StorageServiceTests;
				PRODUCT_NAME = "$(TARGET_NAME)";
				SWIFT_EMIT_LOC_STRINGS = NO;
				SWIFT_VERSION = 5.0;
				TARGETED_DEVICE_FAMILY = "1,2";
				TEST_HOST = "$(BUILT_PRODUCTS_DIR)/Navigation.app/$(BUNDLE_EXECUTABLE_FOLDER_PATH)/Navigation";
			};
			name = Release;
		};
/* End XCBuildConfiguration section */

/* Begin XCConfigurationList section */
		A2D44FD22BF9E8BA00BBE32A /* Build configuration list for PBXProject "Navigation" */ = {
			isa = XCConfigurationList;
			buildConfigurations = (
				A2D44FE92BF9E8BC00BBE32A /* Debug */,
				A2D44FEA2BF9E8BC00BBE32A /* Release */,
			);
			defaultConfigurationIsVisible = 0;
			defaultConfigurationName = Release;
		};
		A2D44FEB2BF9E8BC00BBE32A /* Build configuration list for PBXNativeTarget "Navigation" */ = {
			isa = XCConfigurationList;
			buildConfigurations = (
				A2D44FEC2BF9E8BC00BBE32A /* Debug */,
				A2D44FED2BF9E8BC00BBE32A /* Release */,
			);
			defaultConfigurationIsVisible = 0;
			defaultConfigurationName = Release;
		};
		A2F341BF2C2193ED00AD0882 /* Build configuration list for PBXNativeTarget "StorageService" */ = {
			isa = XCConfigurationList;
			buildConfigurations = (
				A2F341BB2C2193ED00AD0882 /* Debug */,
				A2F341BC2C2193ED00AD0882 /* Release */,
			);
			defaultConfigurationIsVisible = 0;
			defaultConfigurationName = Release;
		};
		A2F341C02C2193ED00AD0882 /* Build configuration list for PBXNativeTarget "StorageServiceTests" */ = {
			isa = XCConfigurationList;
			buildConfigurations = (
				A2F341BD2C2193ED00AD0882 /* Debug */,
				A2F341BE2C2193ED00AD0882 /* Release */,
			);
			defaultConfigurationIsVisible = 0;
			defaultConfigurationName = Release;
		};
/* End XCConfigurationList section */

/* Begin XCRemoteSwiftPackageReference section */
		A216762A2C5D0E90001C904E /* XCRemoteSwiftPackageReference "youtube-ios-player-helper" */ = {
			isa = XCRemoteSwiftPackageReference;
			repositoryURL = "https://github.com/youtube/youtube-ios-player-helper";
			requirement = {
				kind = upToNextMajorVersion;
				minimumVersion = 1.0.4;
			};
		};
		A285EFB22C47E14700910A57 /* XCRemoteSwiftPackageReference "SnapKit" */ = {
			isa = XCRemoteSwiftPackageReference;
			repositoryURL = "https://github.com/SnapKit/SnapKit";
			requirement = {
				kind = upToNextMajorVersion;
				minimumVersion = 5.7.1;
			};
		};
		A285EFC62C4A8EC600910A57 /* XCRemoteSwiftPackageReference "iOSIntPackage" */ = {
			isa = XCRemoteSwiftPackageReference;
			repositoryURL = "https://github.com/TrueMax/iOSIntPackage";
			requirement = {
				kind = upToNextMajorVersion;
				minimumVersion = 3.2.3;
			};
		};
		A2E94A4D2C76070700982D73 /* XCRemoteSwiftPackageReference "firebase-ios-sdk" */ = {
			isa = XCRemoteSwiftPackageReference;
			repositoryURL = "https://github.com/firebase/firebase-ios-sdk";
			requirement = {
				kind = upToNextMajorVersion;
				minimumVersion = 11.1.0;
			};
		};
/* End XCRemoteSwiftPackageReference section */

/* Begin XCSwiftPackageProductDependency section */
		A216762B2C5D0E90001C904E /* YouTubeiOSPlayerHelper */ = {
			isa = XCSwiftPackageProductDependency;
			package = A216762A2C5D0E90001C904E /* XCRemoteSwiftPackageReference "youtube-ios-player-helper" */;
			productName = YouTubeiOSPlayerHelper;
		};
		A285EFB32C47E14700910A57 /* SnapKit */ = {
			isa = XCSwiftPackageProductDependency;
			package = A285EFB22C47E14700910A57 /* XCRemoteSwiftPackageReference "SnapKit" */;
			productName = SnapKit;
		};
		A285EFC72C4A8EC600910A57 /* iOSIntPackage */ = {
			isa = XCSwiftPackageProductDependency;
			package = A285EFC62C4A8EC600910A57 /* XCRemoteSwiftPackageReference "iOSIntPackage" */;
			productName = iOSIntPackage;
		};
		A2E94A4E2C76070700982D73 /* FirebaseAuth */ = {
			isa = XCSwiftPackageProductDependency;
			package = A2E94A4D2C76070700982D73 /* XCRemoteSwiftPackageReference "firebase-ios-sdk" */;
			productName = FirebaseAuth;
		};
		A2E94A502C76070700982D73 /* FirebaseFirestore */ = {
			isa = XCSwiftPackageProductDependency;
			package = A2E94A4D2C76070700982D73 /* XCRemoteSwiftPackageReference "firebase-ios-sdk" */;
			productName = FirebaseFirestore;
		};
/* End XCSwiftPackageProductDependency section */

/* Begin XCVersionGroup section */
		A27BA0102C9591F70024F802 /* Model.xcdatamodeld */ = {
			isa = XCVersionGroup;
			children = (
				A27BA0112C9591F70024F802 /* Model.xcdatamodel */,
			);
			currentVersion = A27BA0112C9591F70024F802 /* Model.xcdatamodel */;
			name = Model.xcdatamodeld;
			path = "/Users/prom1/Desktop/iOS-homeworks/Navigation/Post/Model.xcdatamodeld";
			sourceTree = "<group>";
			versionGroupType = wrapper.xcdatamodel;
		};
/* End XCVersionGroup section */
	};
	rootObject = A2D44FCF2BF9E8BA00BBE32A /* Project object */;
}
